
Microsoft Visual Studio Solution File, Format Version 12.00
# Visual Studio Version 16
VisualStudioVersion = 16.0.28803.202
MinimumVisualStudioVersion = 10.0.40219.1
Project("{9A19103F-16F7-4668-BE54-9A1E7A4F7556}") = "SaopSigner", "SaopSigner\SaopSigner.csproj", "{43C2B379-BC13-4090-B516-E0485B1CD1D5}"
EndProject
Project("{9A19103F-16F7-4668-BE54-9A1E7A4F7556}") = "Client", "Client\Client.csproj", "{07B92173-1DC3-43DB-ADFD-9E4587081177}"
EndProject
Global
	GlobalSection(SolutionConfigurationPlatforms) = preSolution
		Debug|Any CPU = Debug|Any CPU
		Release|Any CPU = Release|Any CPU
	EndGlobalSection
	GlobalSection(ProjectConfigurationPlatforms) = postSolution
		{43C2B379-BC13-4090-B516-E0485B1CD1D5}.Debug|Any CPU.ActiveCfg = Debug|Any CPU
		{43C2B379-BC13-4090-B516-E0485B1CD1D5}.Debug|Any CPU.Build.0 = Debug|Any CPU
		{43C2B379-BC13-4090-B516-E0485B1CD1D5}.Release|Any CPU.ActiveCfg = Release|Any CPU
		{43C2B379-BC13-4090-B516-E0485B1CD1D5}.Release|Any CPU.Build.0 = Release|Any CPU
		{07B92173-1DC3-43DB-ADFD-9E4587081177}.Debug|Any CPU.ActiveCfg = Debug|Any CPU
		{07B92173-1DC3-43DB-ADFD-9E4587081177}.Debug|Any CPU.Build.0 = Debug|Any CPU
		{07B92173-1DC3-43DB-ADFD-9E4587081177}.Release|Any CPU.ActiveCfg = Release|Any CPU
		{07B92173-1DC3-43DB-ADFD-9E4587081177}.Release|Any CPU.Build.0 = Release|Any CPU
	EndGlobalSection
	GlobalSection(SolutionProperties) = preSolution
		HideSolutionNode = FALSE
	EndGlobalSection
	GlobalSection(ExtensibilityGlobals) = postSolution
		SolutionGuid = {54EE45B0-DD83-456C-82ED-27C149123C97}
	EndGlobalSection
EndGlobal
